
Microsoft Visual Studio Solution File, Format Version 12.00
# Visual Studio Version 16
VisualStudioVersion = 16.0.30717.126
MinimumVisualStudioVersion = 10.0.40219.1
Project("{FAE04EC0-301F-11D3-BF4B-00C04F79EFBC}") = "CONTROLE FINANCEIRO", "NOVO USUÁRIO\CONTROLE FINANCEIRO.csproj", "{910F157C-CE7C-41FE-A888-C4867CFFC63F}"
EndProject
Global
	GlobalSection(SolutionConfigurationPlatforms) = preSolution
		Debug|Any CPU = Debug|Any CPU
		Release|Any CPU = Release|Any CPU
	EndGlobalSection
	GlobalSection(ProjectConfigurationPlatforms) = postSolution
		{910F157C-CE7C-41FE-A888-C4867CFFC63F}.Debug|Any CPU.ActiveCfg = Debug|Any CPU
		{910F157C-CE7C-41FE-A888-C4867CFFC63F}.Debug|Any CPU.Build.0 = Debug|Any CPU
		{910F157C-CE7C-41FE-A888-C4867CFFC63F}.Release|Any CPU.ActiveCfg = Release|Any CPU
		{910F157C-CE7C-41FE-A888-C4867CFFC63F}.Release|Any CPU.Build.0 = Release|Any CPU
	EndGlobalSection
	GlobalSection(SolutionProperties) = preSolution
		HideSolutionNode = FALSE
	EndGlobalSection
	GlobalSection(ExtensibilityGlobals) = postSolution
		SolutionGuid = {A6744673-CA85-4DB1-BDE0-0C4C5A2AA67E}
	EndGlobalSection
EndGlobal
